# This file is autogenerated, do not edit; changes may be undone by the next 'dep ensure'.


[[projects]]
  branch = "master"
  digest = "1:d5891c5bca9c62e5d394ca26491d2b710a1dc08cedeb0ca8f9ac4c3305120b02"
  name = "golang.org/x/crypto"
  packages = [
    "ed25519",
    "ed25519/internal/edwards25519",
  ]
  pruneopts = "UT"
  revision = "e3636079e1a4c1f337f212cc5cd2aca108f6c900"

[[projects]]
  branch = "master"
  digest = "1:4b8d28193168ecba13aec52f5d3f73fbb1b86f53a1ba3cca7e4165f73afa9bd7"
  name = "roughtime.googlesource.com/roughtime.git"
  packages = [
    "go/config",
    "go/protocol",
  ]
  pruneopts = "UT"
  revision = "bf2633c8bb6e705687c70d8ea312c0846d879a90"

[solve-meta]
  analyzer-name = "dep"
  analyzer-version = 1
  input-imports = [
    "golang.org/x/crypto/ed25519",
    "roughtime.googlesource.com/roughtime.git/go/config",
    "roughtime.googlesource.com/roughtime.git/go/protocol",
  ]
  solver-name = "gps-cdcl"
  solver-version = 1
